
Microsoft Visual Studio Solution File, Format Version 12.00
# Visual Studio Version 16
VisualStudioVersion = 16.0.29911.84
MinimumVisualStudioVersion = 15.0.26124.0
Project("{9A19103F-16F7-4668-BE54-9A1E7A4F7556}") = "Iotec.EncryptedConfiguration", "Iotec.EncryptedConfiguration\Iotec.EncryptedConfiguration.csproj", "{DC05D578-A0BA-4F28-8B46-DECBE5E96024}"
EndProject
Project("{9A19103F-16F7-4668-BE54-9A1E7A4F7556}") = "Iotec.EncryptedConfiguration.Demo", "Iotec.EncryptedConfiguration.Demo\Iotec.EncryptedConfiguration.Demo.csproj", "{D79864D3-075E-476A-876E-7C68350829A0}"
EndProject
Project("{9A19103F-16F7-4668-BE54-9A1E7A4F7556}") = "Iotec.EncryptedConfiguration.Tests", "Iotec.EncryptedConfiguration.Tests\Iotec.EncryptedConfiguration.Tests.csproj", "{BFEE0C64-E1C1-42E6-A7B0-EF0E5D0C757F}"
EndProject
Global
	GlobalSection(SolutionConfigurationPlatforms) = preSolution
		Debug|Any CPU = Debug|Any CPU
		Debug|x64 = Debug|x64
		Debug|x86 = Debug|x86
		Release|Any CPU = Release|Any CPU
		Release|x64 = Release|x64
		Release|x86 = Release|x86
	EndGlobalSection
	GlobalSection(ProjectConfigurationPlatforms) = postSolution
		{DC05D578-A0BA-4F28-8B46-DECBE5E96024}.Debug|Any CPU.ActiveCfg = Debug|Any CPU
		{DC05D578-A0BA-4F28-8B46-DECBE5E96024}.Debug|Any CPU.Build.0 = Debug|Any CPU
		{DC05D578-A0BA-4F28-8B46-DECBE5E96024}.Debug|x64.ActiveCfg = Debug|Any CPU
		{DC05D578-A0BA-4F28-8B46-DECBE5E96024}.Debug|x64.Build.0 = Debug|Any CPU
		{DC05D578-A0BA-4F28-8B46-DECBE5E96024}.Debug|x86.ActiveCfg = Debug|Any CPU
		{DC05D578-A0BA-4F28-8B46-DECBE5E96024}.Debug|x86.Build.0 = Debug|Any CPU
		{DC05D578-A0BA-4F28-8B46-DECBE5E96024}.Release|Any CPU.ActiveCfg = Release|Any CPU
		{DC05D578-A0BA-4F28-8B46-DECBE5E96024}.Release|Any CPU.Build.0 = Release|Any CPU
		{DC05D578-A0BA-4F28-8B46-DECBE5E96024}.Release|x64.ActiveCfg = Release|Any CPU
		{DC05D578-A0BA-4F28-8B46-DECBE5E96024}.Release|x64.Build.0 = Release|Any CPU
		{DC05D578-A0BA-4F28-8B46-DECBE5E96024}.Release|x86.ActiveCfg = Release|Any CPU
		{DC05D578-A0BA-4F28-8B46-DECBE5E96024}.Release|x86.Build.0 = Release|Any CPU
		{D79864D3-075E-476A-876E-7C68350829A0}.Debug|Any CPU.ActiveCfg = Debug|Any CPU
		{D79864D3-075E-476A-876E-7C68350829A0}.Debug|Any CPU.Build.0 = Debug|Any CPU
		{D79864D3-075E-476A-876E-7C68350829A0}.Debug|x64.ActiveCfg = Debug|Any CPU
		{D79864D3-075E-476A-876E-7C68350829A0}.Debug|x64.Build.0 = Debug|Any CPU
		{D79864D3-075E-476A-876E-7C68350829A0}.Debug|x86.ActiveCfg = Debug|Any CPU
		{D79864D3-075E-476A-876E-7C68350829A0}.Debug|x86.Build.0 = Debug|Any CPU
		{D79864D3-075E-476A-876E-7C68350829A0}.Release|Any CPU.ActiveCfg = Release|Any CPU
		{D79864D3-075E-476A-876E-7C68350829A0}.Release|Any CPU.Build.0 = Release|Any CPU
		{D79864D3-075E-476A-876E-7C68350829A0}.Release|x64.ActiveCfg = Release|Any CPU
		{D79864D3-075E-476A-876E-7C68350829A0}.Release|x64.Build.0 = Release|Any CPU
		{D79864D3-075E-476A-876E-7C68350829A0}.Release|x86.ActiveCfg = Release|Any CPU
		{D79864D3-075E-476A-876E-7C68350829A0}.Release|x86.Build.0 = Release|Any CPU
		{BFEE0C64-E1C1-42E6-A7B0-EF0E5D0C757F}.Debug|Any CPU.ActiveCfg = Debug|Any CPU
		{BFEE0C64-E1C1-42E6-A7B0-EF0E5D0C757F}.Debug|Any CPU.Build.0 = Debug|Any CPU
		{BFEE0C64-E1C1-42E6-A7B0-EF0E5D0C757F}.Debug|x64.ActiveCfg = Debug|Any CPU
		{BFEE0C64-E1C1-42E6-A7B0-EF0E5D0C757F}.Debug|x64.Build.0 = Debug|Any CPU
		{BFEE0C64-E1C1-42E6-A7B0-EF0E5D0C757F}.Debug|x86.ActiveCfg = Debug|Any CPU
		{BFEE0C64-E1C1-42E6-A7B0-EF0E5D0C757F}.Debug|x86.Build.0 = Debug|Any CPU
		{BFEE0C64-E1C1-42E6-A7B0-EF0E5D0C757F}.Release|Any CPU.ActiveCfg = Release|Any CPU
		{BFEE0C64-E1C1-42E6-A7B0-EF0E5D0C757F}.Release|Any CPU.Build.0 = Release|Any CPU
		{BFEE0C64-E1C1-42E6-A7B0-EF0E5D0C757F}.Release|x64.ActiveCfg = Release|Any CPU
		{BFEE0C64-E1C1-42E6-A7B0-EF0E5D0C757F}.Release|x64.Build.0 = Release|Any CPU
		{BFEE0C64-E1C1-42E6-A7B0-EF0E5D0C757F}.Release|x86.ActiveCfg = Release|Any CPU
		{BFEE0C64-E1C1-42E6-A7B0-EF0E5D0C757F}.Release|x86.Build.0 = Release|Any CPU
	EndGlobalSection
	GlobalSection(SolutionProperties) = preSolution
		HideSolutionNode = FALSE
	EndGlobalSection
	GlobalSection(ExtensibilityGlobals) = postSolution
		SolutionGuid = {828CEE46-5E54-4CE9-822F-8ACF23CADCA2}
	EndGlobalSection
EndGlobal
